{
  "name": "libxslt",
  "version": "0.7.0",
  "lockfileVersion": 1,
  "requires": true,
  "dependencies": {
    "async": {
      "version": "0.9.2",
      "resolved": "https://registry.npmjs.org/async/-/async-0.9.2.tgz",
      "integrity": "sha1-rqdNXmHB+JlhO/ZL2mbUx48v0X0=",
      "dev": true
    },
    "bindings": {
      "version": "1.2.1",
      "resolved": "https://registry.npmjs.org/bindings/-/bindings-1.2.1.tgz",
      "integrity": "sha1-FK1hE4EtLTfXLme0ystLtyZQXxE="
    },
    "catharsis": {
      "version": "https://registry.npmjs.org/catharsis/-/catharsis-0.8.8.tgz",
      "integrity": "sha1-aTR59DqsVJ2Aa9c+kkzQ2USVGgY=",
      "dev": true,
      "requires": {
        "underscore-contrib": "https://registry.npmjs.org/underscore-contrib/-/underscore-contrib-0.3.0.tgz"
      }
    },
    "escape-string-regexp": {
      "version": "https://registry.npmjs.org/escape-string-regexp/-/escape-string-regexp-1.0.5.tgz",
      "integrity": "sha1-G2HAViGQqN/2rjuyzwIAyhMLhtQ=",
      "dev": true
    },
    "js2xmlparser": {
      "version": "https://registry.npmjs.org/js2xmlparser/-/js2xmlparser-0.1.9.tgz",
      "integrity": "sha1-LFFniOCUYGN/mkA9/te5JfcdI54=",
      "dev": true
    },
    "jsdoc": {
      "version": "git+https://github.com/jsdoc3/jsdoc.git#b5653b838ce7b96f97322c77e65f74c3086bd3d1",
      "dev": true,
      "requires": {
        "async": "https://registry.npmjs.org/async/-/async-0.1.22.tgz",
        "catharsis": "https://registry.npmjs.org/catharsis/-/catharsis-0.8.8.tgz",
        "escape-string-regexp": "https://registry.npmjs.org/escape-string-regexp/-/escape-string-regexp-1.0.5.tgz",
        "esprima": "https://github.com/ariya/esprima/tarball/49a2eccb243f29bd653b11e9419241a9d726af7c",
        "js2xmlparser": "https://registry.npmjs.org/js2xmlparser/-/js2xmlparser-0.1.9.tgz",
        "marked": "https://registry.npmjs.org/marked/-/marked-0.3.6.tgz",
        "requizzle": "https://registry.npmjs.org/requizzle/-/requizzle-0.2.1.tgz",
        "strip-json-comments": "https://registry.npmjs.org/strip-json-comments/-/strip-json-comments-0.1.3.tgz",
        "taffydb": "https://github.com/hegemonic/taffydb/tarball/master",
        "underscore": "https://registry.npmjs.org/underscore/-/underscore-1.6.0.tgz",
        "wrench": "https://registry.npmjs.org/wrench/-/wrench-1.3.9.tgz"
      },
      "dependencies": {
        "async": {
          "version": "https://registry.npmjs.org/async/-/async-0.1.22.tgz",
          "integrity": "sha1-D8GqoIig4+8Ovi2IMbqw3PiEUGE=",
          "dev": true
        },
        "esprima": {
          "version": "https://github.com/ariya/esprima/tarball/49a2eccb243f29bd653b11e9419241a9d726af7c",
          "integrity": "sha1-oD6sqD7BElqj1Kzd0mNrTdcH22c=",
          "dev": true
        }
      }
    },
    "jsdoc-to-markdown": {
      "version": "0.5.11",
      "resolved": "https://registry.npmjs.org/jsdoc-to-markdown/-/jsdoc-to-markdown-0.5.11.tgz",
      "integrity": "sha1-Tf7NcvfFsFux7Jqrr32tDXsXmvY=",
      "dev": true,
      "requires": {
        "command-line-args": "0.5.9",
        "console-dope": "0.3.6",
        "dmd": "0.2.14",
        "jsdoc-parse": "0.2.11",
        "more-fs": "0.5.0",
        "typical": "1.0.0"
      },
      "dependencies": {
        "amdefine": {
          "version": "1.0.1",
          "resolved": "https://registry.npmjs.org/amdefine/-/amdefine-1.0.1.tgz",
          "integrity": "sha1-SlKCrBZHKek2Gbz9OtFR+BfOkfU=",
          "dev": true
        },
        "ansi-escape-sequences": {
          "version": "1.0.2",
          "resolved": "https://registry.npmjs.org/ansi-escape-sequences/-/ansi-escape-sequences-1.0.2.tgz",
          "integrity": "sha1-q7G+lnXM8Ezgb8U5v2wF49Q3ZCI=",
          "dev": true,
          "requires": {
            "array-tools": "1.8.6"
          }
        },
        "argparse": {
          "version": "1.0.9",
          "resolved": "https://registry.npmjs.org/argparse/-/argparse-1.0.9.tgz",
          "integrity": "sha1-c9g7wmP4bpf4zE9rrhsOkKfSLIY=",
          "dev": true,
          "requires": {
            "sprintf-js": "1.0.3"
          }
        },
        "array-back": {
          "version": "1.0.4",
          "resolved": "https://registry.npmjs.org/array-back/-/array-back-1.0.4.tgz",
          "integrity": "sha1-ZEun8JX3/898Q7Xw3DnTwfA8Bjs=",
          "dev": true,
          "requires": {
            "typical": "2.6.1"
          },
          "dependencies": {
            "typical": {
              "version": "2.6.1",
              "resolved": "https://registry.npmjs.org/typical/-/typical-2.6.1.tgz",
              "integrity": "sha1-XAgOXWYcu+OCWdLnCjxyU+hziB0=",
              "dev": true
            }
          }
        },
        "array-tools": {
          "version": "1.8.6",
          "resolved": "https://registry.npmjs.org/array-tools/-/array-tools-1.8.6.tgz",
          "integrity": "sha1-FFdx9/nJTpjMXqQZapm4MjruGK4=",
          "dev": true,
          "requires": {
            "object-tools": "1.6.7",
            "typical": "2.6.1"
          },
          "dependencies": {
            "typical": {
              "version": "2.6.1",
              "resolved": "https://registry.npmjs.org/typical/-/typical-2.6.1.tgz",
              "integrity": "sha1-XAgOXWYcu+OCWdLnCjxyU+hziB0=",
              "dev": true
            }
          }
        },
        "async": {
          "version": "0.2.10",
          "resolved": "https://registry.npmjs.org/async/-/async-0.2.10.tgz",
          "integrity": "sha1-trvgsGdLnXGXCMo43owjfLUmw9E=",
          "dev": true,
          "optional": true
        },
        "balanced-match": {
          "version": "1.0.0",
          "resolved": "https://registry.npmjs.org/balanced-match/-/balanced-match-1.0.0.tgz",
          "integrity": "sha1-ibTRmasr7kneFk6gK4nORi1xt2c=",
          "dev": true
        },
        "boil-js": {
          "version": "0.2.9",
          "resolved": "https://registry.npmjs.org/boil-js/-/boil-js-0.2.9.tgz",
          "integrity": "sha1-XOs5OnU8b90oE/WoT4bhQxEZ0/c=",
          "dev": true,
          "requires": {
            "array-tools": "1.8.6",
            "command-line-args": "0.5.9",
            "config-master": "0.2.1",
            "console-dope": "0.3.6",
            "file-set": "0.2.8",
            "front-matter-extractor": "1.0.9",
            "handlebars": "2.0.0-alpha.4",
            "handlebars-ansi": "0.1.1",
            "handlebars-array": "0.1.5",
            "handlebars-comparison": "1.1.1",
            "handlebars-fileset": "0.1.3",
            "handlebars-fs": "0.2.0",
            "handlebars-json": "0.1.0",
            "handlebars-path": "0.1.0",
            "handlebars-regexp": "0.1.1",
            "handlebars-string": "1.0.6",
            "home-path": "0.1.2",
            "more-fs": "0.5.0",
            "object-tools": "1.6.7"
          },
          "dependencies": {
            "handlebars": {
              "version": "2.0.0-alpha.4",
              "resolved": "https://registry.npmjs.org/handlebars/-/handlebars-2.0.0-alpha.4.tgz",
              "integrity": "sha1-TGXdE73KBwlTNllz7phLllpCw+g=",
              "dev": true,
              "requires": {
                "optimist": "0.3.7",
                "uglify-js": "2.3.6"
              }
            },
            "handlebars-ansi": {
              "version": "0.1.1",
              "resolved": "https://registry.npmjs.org/handlebars-ansi/-/handlebars-ansi-0.1.1.tgz",
              "integrity": "sha1-vOrqTBCLXfg6FiICm7Nx9V7Bgyc=",
              "dev": true,
              "requires": {
                "ansi-escape-sequences": "1.0.2"
              }
            },
            "optimist": {
              "version": "0.3.7",
              "resolved": "https://registry.npmjs.org/optimist/-/optimist-0.3.7.tgz",
              "integrity": "sha1-yQlBrVnkJzMokjB00s8ufLxuwNk=",
              "dev": true,
              "requires": {
                "wordwrap": "0.0.3"
              }
            }
          }
        },
        "brace-expansion": {
          "version": "1.1.8",
          "resolved": "https://registry.npmjs.org/brace-expansion/-/brace-expansion-1.1.8.tgz",
          "integrity": "sha1-wHshHHyVLsH479Uad+8NHTmQopI=",
          "dev": true,
          "requires": {
            "balanced-match": "1.0.0",
            "concat-map": "0.0.1"
          }
        },
        "collect-all": {
          "version": "0.2.1",
          "resolved": "https://registry.npmjs.org/collect-all/-/collect-all-0.2.1.tgz",
          "integrity": "sha1-ciX7RYXCLU/6yIbwq69avFY6Gmo=",
          "dev": true,
          "requires": {
            "stream-connect": "1.0.2",
            "stream-via": "0.1.1",
            "typical": "2.6.1"
          },
          "dependencies": {
            "typical": {
              "version": "2.6.1",
              "resolved": "https://registry.npmjs.org/typical/-/typical-2.6.1.tgz",
              "integrity": "sha1-XAgOXWYcu+OCWdLnCjxyU+hziB0=",
              "dev": true
            }
          }
        },
        "collect-json": {
          "version": "1.0.8",
          "resolved": "https://registry.npmjs.org/collect-json/-/collect-json-1.0.8.tgz",
          "integrity": "sha1-qi+lK00dlETOaQ8HoeNherdLuCc=",
          "dev": true,
          "requires": {
            "collect-all": "1.0.3",
            "stream-connect": "1.0.2",
            "stream-via": "1.0.4"
          },
          "dependencies": {
            "collect-all": {
              "version": "1.0.3",
              "resolved": "https://registry.npmjs.org/collect-all/-/collect-all-1.0.3.tgz",
              "integrity": "sha512-0y0rBgoX8IzIjBAUnO73SEtSb4Mhk3IoceWJq5zZSxb9mWORhWH8xLYo4EDSOE1jRBk1LhmfjqWFFt10h/+MEA==",
              "dev": true,
              "requires": {
                "stream-connect": "1.0.2",
                "stream-via": "1.0.4"
              }
            },
            "stream-via": {
              "version": "1.0.4",
              "resolved": "https://registry.npmjs.org/stream-via/-/stream-via-1.0.4.tgz",
              "integrity": "sha512-DBp0lSvX5G9KGRDTkR/R+a29H+Wk2xItOF+MpZLLNDWbEV9tGPnqLPxHEYjmiz8xGtJHRIqmI+hCjmNzqoA4nQ==",
              "dev": true
            }
          }
        },
        "command-line-args": {
          "version": "0.5.9",
          "resolved": "https://registry.npmjs.org/command-line-args/-/command-line-args-0.5.9.tgz",
          "integrity": "sha1-1EFzO6mxF4ZDPlPc8b3kcr/mm2w=",
          "dev": true,
          "requires": {
            "array-tools": "1.8.6",
            "handlebars": "3.0.3",
            "handlebars-ansi": "0.2.0",
            "nature": "0.5.7",
            "object-tools": "1.6.7",
            "string-tools": "0.1.8",
            "typical": "1.0.0",
            "word-wrap": "1.2.3"
          }
        },
        "concat-map": {
          "version": "0.0.1",
          "resolved": "https://registry.npmjs.org/concat-map/-/concat-map-0.0.1.tgz",
          "integrity": "sha1-2Klr13/Wjfd5OnMDajug1UBdR3s=",
          "dev": true
        },
        "config-master": {
          "version": "0.2.1",
          "resolved": "https://registry.npmjs.org/config-master/-/config-master-0.2.1.tgz",
          "integrity": "sha1-CwWObNRktXSYNekXdc3+e/I/bkY=",
          "dev": true,
          "requires": {
            "array-tools": "1.8.6",
            "object-tools": "1.6.7"
          }
        },
        "console-dope": {
          "version": "0.3.6",
          "resolved": "https://registry.npmjs.org/console-dope/-/console-dope-0.3.6.tgz",
          "integrity": "sha1-2G8Ku2okd55VtiiqXRcmT4Esxgw=",
          "dev": true
        },
        "dmd": {
          "version": "0.2.14",
          "resolved": "https://registry.npmjs.org/dmd/-/dmd-0.2.14.tgz",
          "integrity": "sha1-GboM5BYboMRiPz0xRKH7dDBf9kw=",
          "dev": true,
          "requires": {
            "array-tools": "1.3.0",
            "boil-js": "0.2.9",
            "object-tools": "1.6.7",
            "string-tools": "0.1.8"
          },
          "dependencies": {
            "array-tools": {
              "version": "1.3.0",
              "resolved": "https://registry.npmjs.org/array-tools/-/array-tools-1.3.0.tgz",
              "integrity": "sha1-D8qYK0uBUuHbhJBQJblYlULO58k=",
              "dev": true,
              "requires": {
                "object-tools": "1.6.7",
                "typical": "1.0.0"
              }
            }
          }
        },
        "esprima": {
          "version": "4.0.0",
          "resolved": "https://registry.npmjs.org/esprima/-/esprima-4.0.0.tgz",
          "integrity": "sha512-oftTcaMu/EGrEIu904mWteKIv8vMuOgGYo7EhVJJN00R/EED9DCua/xxHRdYnKtcECzVg7xOWhflvJMnqcFZjw==",
          "dev": true
        },
        "file-set": {
          "version": "0.2.8",
          "resolved": "https://registry.npmjs.org/file-set/-/file-set-0.2.8.tgz",
          "integrity": "sha1-c6ZXHpy+UaxZJsiL1WfREfg28Xg=",
          "dev": true,
          "requires": {
            "array-tools": "2.0.9",
            "glob": "4.5.3"
          },
          "dependencies": {
            "ansi-escape-sequences": {
              "version": "2.2.2",
              "resolved": "https://registry.npmjs.org/ansi-escape-sequences/-/ansi-escape-sequences-2.2.2.tgz",
              "integrity": "sha1-F0x41vi33nX4lXroHH9yIQxwFjU=",
              "dev": true,
              "requires": {
                "array-back": "1.0.4",
                "collect-all": "0.2.1"
              }
            },
            "array-tools": {
              "version": "2.0.9",
              "resolved": "https://registry.npmjs.org/array-tools/-/array-tools-2.0.9.tgz",
              "integrity": "sha1-WlEd56Qb4O7J/9zUkS0K+fDKyjU=",
              "dev": true,
              "requires": {
                "ansi-escape-sequences": "2.2.2",
                "array-back": "1.0.4",
                "collect-json": "1.0.8",
                "filter-where": "1.0.1",
                "object-get": "2.1.0",
                "reduce-extract": "1.0.0",
                "reduce-flatten": "1.0.1",
                "reduce-unique": "1.0.0",
                "reduce-without": "1.0.1",
                "sort-array": "1.1.2",
                "test-value": "1.1.0"
              }
            }
          }
        },
        "filter-where": {
          "version": "1.0.1",
          "resolved": "https://registry.npmjs.org/filter-where/-/filter-where-1.0.1.tgz",
          "integrity": "sha1-GwQlae3ONrwcTp9zdA0sTi/u930=",
          "dev": true,
          "requires": {
            "test-value": "1.1.0"
          }
        },
        "front-matter-extractor": {
          "version": "1.0.9",
          "resolved": "https://registry.npmjs.org/front-matter-extractor/-/front-matter-extractor-1.0.9.tgz",
          "integrity": "sha1-NJ/fAAhCSdc9UJtT+HrLnZtxNu8=",
          "dev": true,
          "requires": {
            "js-yaml": "3.10.0"
          }
        },
        "glob": {
          "version": "4.5.3",
          "resolved": "https://registry.npmjs.org/glob/-/glob-4.5.3.tgz",
          "integrity": "sha1-xstz0yJsHv7wTePFbQEvAzd+4V8=",
          "dev": true,
          "requires": {
            "inflight": "1.0.6",
            "inherits": "2.0.3",
            "minimatch": "2.0.10",
            "once": "1.4.0"
          }
        },
        "handlebars": {
          "version": "3.0.3",
          "resolved": "https://registry.npmjs.org/handlebars/-/handlebars-3.0.3.tgz",
          "integrity": "sha1-DgllGi8Ps8lJFgWDcQ1VH5Lm0q0=",
          "dev": true,
          "requires": {
            "optimist": "0.6.1",
            "source-map": "0.1.43",
            "uglify-js": "2.3.6"
          }
        },
        "handlebars-ansi": {
          "version": "0.2.0",
          "resolved": "https://registry.npmjs.org/handlebars-ansi/-/handlebars-ansi-0.2.0.tgz",
          "integrity": "sha1-41EXza5UnJYapbitXADnTAGRBeU=",
          "dev": true,
          "requires": {
            "ansi-escape-sequences": "1.0.2"
          }
        },
        "handlebars-array": {
          "version": "0.1.5",
          "resolved": "https://registry.npmjs.org/handlebars-array/-/handlebars-array-0.1.5.tgz",
          "integrity": "sha1-1AxLLpIItAIMw9omKcjbWE4Dfgs=",
          "dev": true,
          "requires": {
            "array-tools": "1.8.6"
          }
        },
        "handlebars-comparison": {
          "version": "1.1.1",
          "resolved": "https://registry.npmjs.org/handlebars-comparison/-/handlebars-comparison-1.1.1.tgz",
          "integrity": "sha1-sAA1sRCas5Tpx036A4DMVN5uao4=",
          "dev": true,
          "requires": {
            "array-tools": "1.8.6"
          }
        },
        "handlebars-fileset": {
          "version": "0.1.3",
          "resolved": "https://registry.npmjs.org/handlebars-fileset/-/handlebars-fileset-0.1.3.tgz",
          "integrity": "sha1-albl3vw1IyNt08Z11hrXrilnWrc=",
          "dev": true,
          "requires": {
            "array-tools": "1.8.6",
            "file-set": "0.2.8"
          }
        },
        "handlebars-fs": {
          "version": "0.2.0",
          "resolved": "https://registry.npmjs.org/handlebars-fs/-/handlebars-fs-0.2.0.tgz",
          "integrity": "sha1-PZD5nRxgqw0hNgKWTdz5J0T/yEM=",
          "dev": true,
          "requires": {
            "more-fs": "0.5.0"
          }
        },
        "handlebars-json": {
          "version": "0.1.0",
          "resolved": "https://registry.npmjs.org/handlebars-json/-/handlebars-json-0.1.0.tgz",
          "integrity": "sha1-Ks0ReS0qj8K0uaSHYeE8ZWJQ3Vg=",
          "dev": true
        },
        "handlebars-path": {
          "version": "0.1.0",
          "resolved": "https://registry.npmjs.org/handlebars-path/-/handlebars-path-0.1.0.tgz",
          "integrity": "sha1-VqP2s8lk+vaCk6oU6zv6YfMLhYE=",
          "dev": true
        },
        "handlebars-regexp": {
          "version": "0.1.1",
          "resolved": "https://registry.npmjs.org/handlebars-regexp/-/handlebars-regexp-0.1.1.tgz",
          "integrity": "sha1-llFL4By0Z3EHTOjLlt9NM3a6eVI=",
          "dev": true
        },
        "handlebars-string": {
          "version": "1.0.6",
          "resolved": "https://registry.npmjs.org/handlebars-string/-/handlebars-string-1.0.6.tgz",
          "integrity": "sha1-h+RA27IKl9rsKMOMpP1T2aCeb2U=",
          "dev": true,
          "requires": {
            "array-tools": "1.8.6",
            "string-tools": "0.1.8"
          }
        },
        "home-path": {
          "version": "0.1.2",
          "resolved": "https://registry.npmjs.org/home-path/-/home-path-0.1.2.tgz",
          "integrity": "sha1-PbJsojrcFE/uqPHi18j2yJDL/io=",
          "dev": true
        },
        "inflight": {
          "version": "1.0.6",
          "resolved": "https://registry.npmjs.org/inflight/-/inflight-1.0.6.tgz",
          "integrity": "sha1-Sb1jMdfQLQwJvJEKEHW6gWW1bfk=",
          "dev": true,
          "requires": {
            "once": "1.4.0",
            "wrappy": "1.0.2"
          }
        },
        "inherits": {
          "version": "2.0.3",
          "resolved": "https://registry.npmjs.org/inherits/-/inherits-2.0.3.tgz",
          "integrity": "sha1-Yzwsg+PaQqUC9SRmAiSA9CCCYd4=",
          "dev": true
        },
        "js-yaml": {
          "version": "3.10.0",
          "resolved": "https://registry.npmjs.org/js-yaml/-/js-yaml-3.10.0.tgz",
          "integrity": "sha512-O2v52ffjLa9VeM43J4XocZE//WT9N0IiwDa3KSHH7Tu8CtH+1qM8SIZvnsTh6v+4yFy5KUY3BHUVwjpfAWsjIA==",
          "dev": true,
          "requires": {
            "argparse": "1.0.9",
            "esprima": "4.0.0"
          }
        },
        "jsdoc-parse": {
          "version": "0.2.11",
          "resolved": "https://registry.npmjs.org/jsdoc-parse/-/jsdoc-parse-0.2.11.tgz",
          "integrity": "sha1-2ORpx7rVcgEBSrBoVINxCZ9Bxvw=",
          "dev": true,
          "requires": {
            "array-tools": "1.8.6",
            "file-set": "0.2.8",
            "jsdoc": "git+https://github.com/jsdoc3/jsdoc.git#b5653b838ce7b96f97322c77e65f74c3086bd3d1",
            "more-fs": "0.5.0",
            "object-tools": "1.6.7",
            "typical": "1.0.0"
          }
        },
        "minimatch": {
          "version": "2.0.10",
          "resolved": "https://registry.npmjs.org/minimatch/-/minimatch-2.0.10.tgz",
          "integrity": "sha1-jQh8OcazjAAbl/ynzm0OHoCvusc=",
          "dev": true,
          "requires": {
            "brace-expansion": "1.1.8"
          }
        },
        "minimist": {
          "version": "0.0.10",
          "resolved": "https://registry.npmjs.org/minimist/-/minimist-0.0.10.tgz",
          "integrity": "sha1-3j+YVD2/lggr5IrRoMfNqDYwHc8=",
          "dev": true
        },
        "more-fs": {
          "version": "0.5.0",
          "resolved": "https://registry.npmjs.org/more-fs/-/more-fs-0.5.0.tgz",
          "integrity": "sha1-icrIddgRroZF/6F85uPzxS1AwPo=",
          "dev": true,
          "requires": {
            "array-tools": "1.8.6",
            "glob": "4.5.3"
          }
        },
        "nature": {
          "version": "0.5.7",
          "resolved": "https://registry.npmjs.org/nature/-/nature-0.5.7.tgz",
          "integrity": "sha1-KrdUC6R0RhZawJU99g3ICBvpIjM=",
          "dev": true,
          "requires": {
            "array-tools": "1.8.6",
            "object-tools": "1.6.7",
            "typical": "1.0.0"
          }
        },
        "object-get": {
          "version": "2.1.0",
          "resolved": "https://registry.npmjs.org/object-get/-/object-get-2.1.0.tgz",
          "integrity": "sha1-ciu9tgA576R8rTxtws5RqFwCxa4=",
          "dev": true
        },
        "object-tools": {
          "version": "1.6.7",
          "resolved": "https://registry.npmjs.org/object-tools/-/object-tools-1.6.7.tgz",
          "integrity": "sha1-UtQA/IdSUJk9u7O6KY18ebsGmNA=",
          "dev": true,
          "requires": {
            "array-tools": "1.8.6",
            "typical": "2.6.1"
          },
          "dependencies": {
            "typical": {
              "version": "2.6.1",
              "resolved": "https://registry.npmjs.org/typical/-/typical-2.6.1.tgz",
              "integrity": "sha1-XAgOXWYcu+OCWdLnCjxyU+hziB0=",
              "dev": true
            }
          }
        },
        "once": {
          "version": "1.4.0",
          "resolved": "https://registry.npmjs.org/once/-/once-1.4.0.tgz",
          "integrity": "sha1-WDsap3WWHUsROsF9nFC6753Xa9E=",
          "dev": true,
          "requires": {
            "wrappy": "1.0.2"
          }
        },
        "optimist": {
          "version": "0.6.1",
          "resolved": "https://registry.npmjs.org/optimist/-/optimist-0.6.1.tgz",
          "integrity": "sha1-2j6nRob6IaGaERwybpDrFaAZZoY=",
          "dev": true,
          "requires": {
            "minimist": "0.0.10",
            "wordwrap": "0.0.3"
          }
        },
        "reduce-extract": {
          "version": "1.0.0",
          "resolved": "https://registry.npmjs.org/reduce-extract/-/reduce-extract-1.0.0.tgz",
          "integrity": "sha1-Z/I4W+2mUGG19fQxJmLosIDKFSU=",
          "dev": true,
          "requires": {
            "test-value": "1.1.0"
          }
        },
        "reduce-flatten": {
          "version": "1.0.1",
          "resolved": "https://registry.npmjs.org/reduce-flatten/-/reduce-flatten-1.0.1.tgz",
          "integrity": "sha1-JYx479FT3fk8tWEjf2EYTzaW4yc=",
          "dev": true
        },
        "reduce-unique": {
          "version": "1.0.0",
          "resolved": "https://registry.npmjs.org/reduce-unique/-/reduce-unique-1.0.0.tgz",
          "integrity": "sha1-flhrz4ek4ytter2Cd/rWzeyfSAM=",
          "dev": true
        },
        "reduce-without": {
          "version": "1.0.1",
          "resolved": "https://registry.npmjs.org/reduce-without/-/reduce-without-1.0.1.tgz",
          "integrity": "sha1-aK0OrRGFXJo31OglbBW7+Hly/Iw=",
          "dev": true,
          "requires": {
            "test-value": "2.1.0"
          },
          "dependencies": {
            "test-value": {
              "version": "2.1.0",
              "resolved": "https://registry.npmjs.org/test-value/-/test-value-2.1.0.tgz",
              "integrity": "sha1-Edpv9nDzRxpztiXKTz/c97t0gpE=",
              "dev": true,
              "requires": {
                "array-back": "1.0.4",
                "typical": "2.6.1"
              }
            },
            "typical": {
              "version": "2.6.1",
              "resolved": "https://registry.npmjs.org/typical/-/typical-2.6.1.tgz",
              "integrity": "sha1-XAgOXWYcu+OCWdLnCjxyU+hziB0=",
              "dev": true
            }
          }
        },
        "sort-array": {
          "version": "1.1.2",
          "resolved": "https://registry.npmjs.org/sort-array/-/sort-array-1.1.2.tgz",
          "integrity": "sha1-uImGBTwBcKf53mPxiknsecJMPmQ=",
          "dev": true,
          "requires": {
            "array-back": "1.0.4",
            "object-get": "2.1.0",
            "typical": "2.6.1"
          },
          "dependencies": {
            "typical": {
              "version": "2.6.1",
              "resolved": "https://registry.npmjs.org/typical/-/typical-2.6.1.tgz",
              "integrity": "sha1-XAgOXWYcu+OCWdLnCjxyU+hziB0=",
              "dev": true
            }
          }
        },
        "source-map": {
          "version": "0.1.43",
          "resolved": "https://registry.npmjs.org/source-map/-/source-map-0.1.43.tgz",
          "integrity": "sha1-wkvBRspRfBRx9drL4lcbK3+eM0Y=",
          "dev": true,
          "requires": {
            "amdefine": "1.0.1"
          }
        },
        "sprintf-js": {
          "version": "1.0.3",
          "resolved": "https://registry.npmjs.org/sprintf-js/-/sprintf-js-1.0.3.tgz",
          "integrity": "sha1-BOaSb2YolTVPPdAVIDYzuFcpfiw=",
          "dev": true
        },
        "stream-connect": {
          "version": "1.0.2",
          "resolved": "https://registry.npmjs.org/stream-connect/-/stream-connect-1.0.2.tgz",
          "integrity": "sha1-GLyB8u2zW4tdmoAJIAqYUxRCipc=",
          "dev": true,
          "requires": {
            "array-back": "1.0.4"
          }
        },
        "stream-via": {
          "version": "0.1.1",
          "resolved": "https://registry.npmjs.org/stream-via/-/stream-via-0.1.1.tgz",
          "integrity": "sha1-DO5d+clZ+x0/TtpIGfKJ1fkgWvw=",
          "dev": true
        },
        "string-tools": {
          "version": "0.1.8",
          "resolved": "https://registry.npmjs.org/string-tools/-/string-tools-0.1.8.tgz",
          "integrity": "sha1-cIhOhqJu5RA6B4vvZwM9VY024zc=",
          "dev": true
        },
        "test-value": {
          "version": "1.1.0",
          "resolved": "https://registry.npmjs.org/test-value/-/test-value-1.1.0.tgz",
          "integrity": "sha1-oJE29y7AQ9J8iTcHwrFZv6196T8=",
          "dev": true,
          "requires": {
            "array-back": "1.0.4",
            "typical": "2.6.1"
          },
          "dependencies": {
            "typical": {
              "version": "2.6.1",
              "resolved": "https://registry.npmjs.org/typical/-/typical-2.6.1.tgz",
              "integrity": "sha1-XAgOXWYcu+OCWdLnCjxyU+hziB0=",
              "dev": true
            }
          }
        },
        "typical": {
          "version": "1.0.0",
          "resolved": "https://registry.npmjs.org/typical/-/typical-1.0.0.tgz",
          "integrity": "sha1-ICKvXxHnEV6WD4h8ngtosxPF1vA=",
          "dev": true
        },
        "uglify-js": {
          "version": "2.3.6",
          "resolved": "https://registry.npmjs.org/uglify-js/-/uglify-js-2.3.6.tgz",
          "integrity": "sha1-+gmEdwtCi3qbKoBY9GNV0U/vIRo=",
          "dev": true,
          "optional": true,
          "requires": {
            "async": "0.2.10",
            "optimist": "0.3.7",
            "source-map": "0.1.43"
          },
          "dependencies": {
            "optimist": {
              "version": "0.3.7",
              "resolved": "https://registry.npmjs.org/optimist/-/optimist-0.3.7.tgz",
              "integrity": "sha1-yQlBrVnkJzMokjB00s8ufLxuwNk=",
              "dev": true,
              "optional": true,
              "requires": {
                "wordwrap": "0.0.3"
              }
            }
          }
        },
        "word-wrap": {
          "version": "1.2.3",
          "resolved": "https://registry.npmjs.org/word-wrap/-/word-wrap-1.2.3.tgz",
          "integrity": "sha512-Hz/mrNwitNRh/HUAtM/VT/5VH+ygD6DV7mYKZAtHOrbs8U7lvPS6xf7EJKMF0uW1KJCl0H701g3ZGus+muE5vQ==",
          "dev": true
        },
        "wordwrap": {
          "version": "0.0.3",
          "resolved": "https://registry.npmjs.org/wordwrap/-/wordwrap-0.0.3.tgz",
          "integrity": "sha1-o9XabNXAvAAI03I0u68b7WMFkQc=",
          "dev": true
        },
        "wrappy": {
          "version": "1.0.2",
          "resolved": "https://registry.npmjs.org/wrappy/-/wrappy-1.0.2.tgz",
          "integrity": "sha1-tSQ9jz7BqjXxNkYFvA0QNuMKtp8=",
          "dev": true
        }
      }
    },
    "libxmljs-mt": {
      "version": "0.18.0",
      "resolved": "https://registry.npmjs.org/libxmljs-mt/-/libxmljs-mt-0.18.0.tgz",
      "integrity": "sha1-3JTqzDizjI49iiQS77jkcbU4hsE=",
      "requires": {
        "bindings": "1.2.1",
        "nan": "2.7.0"
      }
    },
    "marked": {
      "version": "https://registry.npmjs.org/marked/-/marked-0.3.6.tgz",
      "integrity": "sha1-ssbGGPzOzk74bE/Gy4p8v1rtqNc=",
      "dev": true
    },
    "mocha": {
      "version": "1.21.5",
      "resolved": "https://registry.npmjs.org/mocha/-/mocha-1.21.5.tgz",
      "integrity": "sha1-fFiwkXTfl25DSiOx6NY5hz/FKek=",
      "dev": true,
      "requires": {
        "commander": "2.3.0",
        "debug": "2.0.0",
        "diff": "1.0.8",
        "escape-string-regexp": "1.0.2",
        "glob": "3.2.3",
        "growl": "1.8.1",
        "jade": "0.26.3",
        "mkdirp": "0.5.0"
      },
      "dependencies": {
        "commander": {
          "version": "2.3.0",
          "resolved": "https://registry.npmjs.org/commander/-/commander-2.3.0.tgz",
          "integrity": "sha1-/UMOiJgy7DU7ms0d4hfBHLPu+HM=",
          "dev": true
        },
        "debug": {
          "version": "2.0.0",
          "resolved": "https://registry.npmjs.org/debug/-/debug-2.0.0.tgz",
          "integrity": "sha1-ib2d9nMrUSVrxnBTQrugLtEhMe8=",
          "dev": true,
          "requires": {
            "ms": "0.6.2"
          }
        },
        "diff": {
          "version": "1.0.8",
          "resolved": "https://registry.npmjs.org/diff/-/diff-1.0.8.tgz",
          "integrity": "sha1-NDJ2MI7Jkbe8giZ+1VvBQR+XFmY=",
          "dev": true
        },
        "escape-string-regexp": {
          "version": "1.0.2",
          "resolved": "https://registry.npmjs.org/escape-string-regexp/-/escape-string-regexp-1.0.2.tgz",
          "integrity": "sha1-Tbwv5nTnGUnK8/smlc5/LcHZqNE=",
          "dev": true
        },
        "glob": {
          "version": "3.2.3",
          "resolved": "https://registry.npmjs.org/glob/-/glob-3.2.3.tgz",
          "integrity": "sha1-4xPusknHr/qlxHUoaw4RW1mDlGc=",
          "dev": true,
          "requires": {
            "graceful-fs": "2.0.3",
            "inherits": "2.0.3",
            "minimatch": "0.2.14"
          }
        },
        "graceful-fs": {
          "version": "2.0.3",
          "resolved": "https://registry.npmjs.org/graceful-fs/-/graceful-fs-2.0.3.tgz",
          "integrity": "sha1-fNLNsiiko/Nule+mzBQt59GhNtA=",
          "dev": true
        },
        "growl": {
          "version": "1.8.1",
          "resolved": "https://registry.npmjs.org/growl/-/growl-1.8.1.tgz",
          "integrity": "sha1-Sy3sjZB+k9szZiTc7AGDUC+MlCg=",
          "dev": true
        },
        "inherits": {
          "version": "2.0.3",
          "resolved": "https://registry.npmjs.org/inherits/-/inherits-2.0.3.tgz",
          "integrity": "sha1-Yzwsg+PaQqUC9SRmAiSA9CCCYd4=",
          "dev": true
        },
        "jade": {
          "version": "0.26.3",
          "resolved": "https://registry.npmjs.org/jade/-/jade-0.26.3.tgz",
          "integrity": "sha1-jxDXl32NefL2/4YqgbBRPMslaGw=",
          "dev": true,
          "requires": {
            "commander": "0.6.1",
            "mkdirp": "0.3.0"
          },
          "dependencies": {
            "commander": {
              "version": "0.6.1",
              "resolved": "https://registry.npmjs.org/commander/-/commander-0.6.1.tgz",
              "integrity": "sha1-+mihT2qUXVTbvlDYzbMyDp47GgY=",
              "dev": true
            },
            "mkdirp": {
              "version": "0.3.0",
              "resolved": "https://registry.npmjs.org/mkdirp/-/mkdirp-0.3.0.tgz",
              "integrity": "sha1-G79asbqCevI1dRQ0kEJkVfSB/h4=",
              "dev": true
            }
          }
        },
        "lru-cache": {
          "version": "2.7.3",
          "resolved": "https://registry.npmjs.org/lru-cache/-/lru-cache-2.7.3.tgz",
          "integrity": "sha1-bUUk6LlV+V1PW1iFHOId1y+06VI=",
          "dev": true
        },
        "minimatch": {
          "version": "0.2.14",
          "resolved": "https://registry.npmjs.org/minimatch/-/minimatch-0.2.14.tgz",
          "integrity": "sha1-x054BXT2PG+aCQ6Q775u9TpqdWo=",
          "dev": true,
          "requires": {
            "lru-cache": "2.7.3",
            "sigmund": "1.0.1"
          }
        },
        "minimist": {
          "version": "0.0.8",
          "resolved": "https://registry.npmjs.org/minimist/-/minimist-0.0.8.tgz",
          "integrity": "sha1-hX/Kv8M5fSYluCKCYuhqp6ARsF0=",
          "dev": true
        },
        "mkdirp": {
          "version": "0.5.0",
          "resolved": "https://registry.npmjs.org/mkdirp/-/mkdirp-0.5.0.tgz",
          "integrity": "sha1-HXMHam35hs2TROFecfzAWkyavxI=",
          "dev": true,
          "requires": {
            "minimist": "0.0.8"
          }
        },
        "ms": {
          "version": "0.6.2",
          "resolved": "https://registry.npmjs.org/ms/-/ms-0.6.2.tgz",
          "integrity": "sha1-2JwhJMb9wTU9Zai3e/GqxLGTcIw=",
          "dev": true
        },
        "sigmund": {
          "version": "1.0.1",
          "resolved": "https://registry.npmjs.org/sigmund/-/sigmund-1.0.1.tgz",
          "integrity": "sha1-P/IfGYytIXX587eBhT/ZTQ0ZtZA=",
          "dev": true
        }
      }
    },
    "nan": {
      "version": "2.7.0",
      "resolved": "https://registry.npmjs.org/nan/-/nan-2.7.0.tgz",
      "integrity": "sha1-2Vv3IeyHfgjbJ27T/G63j5CDrUY="
    },
    "requizzle": {
      "version": "https://registry.npmjs.org/requizzle/-/requizzle-0.2.1.tgz",
      "integrity": "sha1-aUPDUwxNmn5G8c3dUcFY/GcM294=",
      "dev": true,
      "requires": {
        "underscore": "https://registry.npmjs.org/underscore/-/underscore-1.6.0.tgz"
      }
    },
    "should": {
      "version": "4.0.4",
      "resolved": "https://registry.npmjs.org/should/-/should-4.0.4.tgz",
      "integrity": "sha1-jvqjBPHxSM89LpVYYpkPmrnqYo8=",
      "dev": true
    },
    "strip-json-comments": {
      "version": "https://registry.npmjs.org/strip-json-comments/-/strip-json-comments-0.1.3.tgz",
      "integrity": "sha1-Fkxk43Coo8wAyeAbU55WmCPw7lQ=",
      "dev": true
    },
    "taffydb": {
      "version": "https://github.com/hegemonic/taffydb/tarball/master",
      "integrity": "sha1-pO5xiCFDkBUx/BcPbSKvBTVloMU=",
      "dev": true
    },
    "underscore": {
      "version": "https://registry.npmjs.org/underscore/-/underscore-1.6.0.tgz",
      "integrity": "sha1-izixDKze9jM3uLJOT/htRa6lKag=",
      "dev": true
    },
    "underscore-contrib": {
      "version": "https://registry.npmjs.org/underscore-contrib/-/underscore-contrib-0.3.0.tgz",
      "integrity": "sha1-ZltmwkeD+PorGMn4y7Dix9SMJsc=",
      "dev": true,
      "requires": {
        "underscore": "https://registry.npmjs.org/underscore/-/underscore-1.6.0.tgz"
      }
    },
    "wrench": {
      "version": "https://registry.npmjs.org/wrench/-/wrench-1.3.9.tgz",
      "integrity": "sha1-bxPsNRRTF+spLKX2UxORskQRFBE=",
      "dev": true
    }
  }
}
